
Microsoft Visual Studio Solution File, Format Version 12.00
# Visual Studio Version 17
VisualStudioVersion = 17.5.33424.131
MinimumVisualStudioVersion = 10.0.40219.1
Project("{9A19103F-16F7-4668-BE54-9A1E7A4F7556}") = "MotoRental.API", "MotoRental.API.csproj", "{75B0F0C1-F887-4C34-8A20-2B32808575E0}"
EndProject
Project("{2150E333-8FDC-42A3-9474-1A3956D46DE8}") = "1-Services", "1-Services", "{ACDAB82D-2097-44CE-9BD8-EEB3F233D3C4}"
EndProject
Project("{2150E333-8FDC-42A3-9474-1A3956D46DE8}") = "2-Domain", "2-Domain", "{762B5F80-AC42-4F0C-9FA8-6100DB257D52}"
EndProject
Project("{2150E333-8FDC-42A3-9474-1A3956D46DE8}") = "3-Infra", "3-Infra", "{F9842AB2-7EC8-48C8-9C3F-B5EE1300D510}"
EndProject
Project("{9A19103F-16F7-4668-BE54-9A1E7A4F7556}") = "MotoRental.Services", "..\MotoRental.Services\MotoRental.Services.csproj", "{DC2A2F7B-9DC5-4983-B914-2E03D301B442}"
EndProject
Project("{9A19103F-16F7-4668-BE54-9A1E7A4F7556}") = "Motorcycle.Domain", "..\Motorcycle.Domain\Motorcycle.Domain.csproj", "{7ADA04EA-F5DC-4E1B-B271-8CE5CD39D053}"
EndProject
Project("{9A19103F-16F7-4668-BE54-9A1E7A4F7556}") = "Motorcycle.Domain.Core", "..\Motorcycle.Domain.Core\Motorcycle.Domain.Core.csproj", "{462AE633-F8D7-4D09-B1AA-5295F92123B6}"
EndProject
Project("{2150E333-8FDC-42A3-9474-1A3956D46DE8}") = "3.1-Data", "3.1-Data", "{91835970-2EC7-4EF6-97F5-EF9003692F61}"
EndProject
Project("{9A19103F-16F7-4668-BE54-9A1E7A4F7556}") = "MotoRental.Data", "..\MotorCycle.Data\MotoRental.Data.csproj", "{3E08A6AD-AB9A-410F-B6CB-C0EDB388D8F6}"
EndProject
Project("{2150E333-8FDC-42A3-9474-1A3956D46DE8}") = "3.2-CrossCutting", "3.2-CrossCutting", "{36FE4C31-12B4-46C1-942E-8BB7A048DBD1}"
EndProject
Project("{9A19103F-16F7-4668-BE54-9A1E7A4F7556}") = "MotoRental.CrossCutting.MessageBus", "..\MotoRental.CrossCutting.MessageBus\MotoRental.CrossCutting.MessageBus.csproj", "{A7D33111-3934-4176-9947-804B2092C93E}"
EndProject
Project("{9A19103F-16F7-4668-BE54-9A1E7A4F7556}") = "MotoRental.Consumer", "..\Consumer\MotoRental.Consumer.csproj", "{7400A8F8-2EEA-4CCF-BAF5-5195B14F2EAD}"
EndProject
Project("{9A19103F-16F7-4668-BE54-9A1E7A4F7556}") = "MotoRental.Producer", "..\MotoRental.Producer\MotoRental.Producer.csproj", "{EF7B1187-C97E-4478-9FCC-01D8028873A4}"
EndProject
Project("{2150E333-8FDC-42A3-9474-1A3956D46DE8}") = "4-Tests", "4-Tests", "{A395F40C-BC55-4775-A218-83E4298F512E}"
EndProject
Project("{FAE04EC0-301F-11D3-BF4B-00C04F79EFBC}") = "MotoRental.Test", "..\MotoRental.Test\MotoRental.Test.csproj", "{F8C98F50-D024-429E-80D6-5E4CBD9D7C4A}"
EndProject
Global
	GlobalSection(SolutionConfigurationPlatforms) = preSolution
		Debug|Any CPU = Debug|Any CPU
		Release|Any CPU = Release|Any CPU
	EndGlobalSection
	GlobalSection(ProjectConfigurationPlatforms) = postSolution
		{75B0F0C1-F887-4C34-8A20-2B32808575E0}.Debug|Any CPU.ActiveCfg = Debug|Any CPU
		{75B0F0C1-F887-4C34-8A20-2B32808575E0}.Debug|Any CPU.Build.0 = Debug|Any CPU
		{75B0F0C1-F887-4C34-8A20-2B32808575E0}.Release|Any CPU.ActiveCfg = Release|Any CPU
		{75B0F0C1-F887-4C34-8A20-2B32808575E0}.Release|Any CPU.Build.0 = Release|Any CPU
		{DC2A2F7B-9DC5-4983-B914-2E03D301B442}.Debug|Any CPU.ActiveCfg = Debug|Any CPU
		{DC2A2F7B-9DC5-4983-B914-2E03D301B442}.Debug|Any CPU.Build.0 = Debug|Any CPU
		{DC2A2F7B-9DC5-4983-B914-2E03D301B442}.Release|Any CPU.ActiveCfg = Release|Any CPU
		{DC2A2F7B-9DC5-4983-B914-2E03D301B442}.Release|Any CPU.Build.0 = Release|Any CPU
		{7ADA04EA-F5DC-4E1B-B271-8CE5CD39D053}.Debug|Any CPU.ActiveCfg = Debug|Any CPU
		{7ADA04EA-F5DC-4E1B-B271-8CE5CD39D053}.Debug|Any CPU.Build.0 = Debug|Any CPU
		{7ADA04EA-F5DC-4E1B-B271-8CE5CD39D053}.Release|Any CPU.ActiveCfg = Release|Any CPU
		{7ADA04EA-F5DC-4E1B-B271-8CE5CD39D053}.Release|Any CPU.Build.0 = Release|Any CPU
		{462AE633-F8D7-4D09-B1AA-5295F92123B6}.Debug|Any CPU.ActiveCfg = Debug|Any CPU
		{462AE633-F8D7-4D09-B1AA-5295F92123B6}.Debug|Any CPU.Build.0 = Debug|Any CPU
		{462AE633-F8D7-4D09-B1AA-5295F92123B6}.Release|Any CPU.ActiveCfg = Release|Any CPU
		{462AE633-F8D7-4D09-B1AA-5295F92123B6}.Release|Any CPU.Build.0 = Release|Any CPU
		{3E08A6AD-AB9A-410F-B6CB-C0EDB388D8F6}.Debug|Any CPU.ActiveCfg = Debug|Any CPU
		{3E08A6AD-AB9A-410F-B6CB-C0EDB388D8F6}.Debug|Any CPU.Build.0 = Debug|Any CPU
		{3E08A6AD-AB9A-410F-B6CB-C0EDB388D8F6}.Release|Any CPU.ActiveCfg = Release|Any CPU
		{3E08A6AD-AB9A-410F-B6CB-C0EDB388D8F6}.Release|Any CPU.Build.0 = Release|Any CPU
		{A7D33111-3934-4176-9947-804B2092C93E}.Debug|Any CPU.ActiveCfg = Debug|Any CPU
		{A7D33111-3934-4176-9947-804B2092C93E}.Debug|Any CPU.Build.0 = Debug|Any CPU
		{A7D33111-3934-4176-9947-804B2092C93E}.Release|Any CPU.ActiveCfg = Release|Any CPU
		{A7D33111-3934-4176-9947-804B2092C93E}.Release|Any CPU.Build.0 = Release|Any CPU
		{7400A8F8-2EEA-4CCF-BAF5-5195B14F2EAD}.Debug|Any CPU.ActiveCfg = Debug|Any CPU
		{7400A8F8-2EEA-4CCF-BAF5-5195B14F2EAD}.Debug|Any CPU.Build.0 = Debug|Any CPU
		{7400A8F8-2EEA-4CCF-BAF5-5195B14F2EAD}.Release|Any CPU.ActiveCfg = Release|Any CPU
		{7400A8F8-2EEA-4CCF-BAF5-5195B14F2EAD}.Release|Any CPU.Build.0 = Release|Any CPU
		{EF7B1187-C97E-4478-9FCC-01D8028873A4}.Debug|Any CPU.ActiveCfg = Debug|Any CPU
		{EF7B1187-C97E-4478-9FCC-01D8028873A4}.Debug|Any CPU.Build.0 = Debug|Any CPU
		{EF7B1187-C97E-4478-9FCC-01D8028873A4}.Release|Any CPU.ActiveCfg = Release|Any CPU
		{EF7B1187-C97E-4478-9FCC-01D8028873A4}.Release|Any CPU.Build.0 = Release|Any CPU
		{F8C98F50-D024-429E-80D6-5E4CBD9D7C4A}.Debug|Any CPU.ActiveCfg = Debug|Any CPU
		{F8C98F50-D024-429E-80D6-5E4CBD9D7C4A}.Debug|Any CPU.Build.0 = Debug|Any CPU
		{F8C98F50-D024-429E-80D6-5E4CBD9D7C4A}.Release|Any CPU.ActiveCfg = Release|Any CPU
		{F8C98F50-D024-429E-80D6-5E4CBD9D7C4A}.Release|Any CPU.Build.0 = Release|Any CPU
	EndGlobalSection
	GlobalSection(SolutionProperties) = preSolution
		HideSolutionNode = FALSE
	EndGlobalSection
	GlobalSection(NestedProjects) = preSolution
		{75B0F0C1-F887-4C34-8A20-2B32808575E0} = {ACDAB82D-2097-44CE-9BD8-EEB3F233D3C4}
		{DC2A2F7B-9DC5-4983-B914-2E03D301B442} = {ACDAB82D-2097-44CE-9BD8-EEB3F233D3C4}
		{7ADA04EA-F5DC-4E1B-B271-8CE5CD39D053} = {762B5F80-AC42-4F0C-9FA8-6100DB257D52}
		{462AE633-F8D7-4D09-B1AA-5295F92123B6} = {762B5F80-AC42-4F0C-9FA8-6100DB257D52}
		{91835970-2EC7-4EF6-97F5-EF9003692F61} = {F9842AB2-7EC8-48C8-9C3F-B5EE1300D510}
		{3E08A6AD-AB9A-410F-B6CB-C0EDB388D8F6} = {91835970-2EC7-4EF6-97F5-EF9003692F61}
		{36FE4C31-12B4-46C1-942E-8BB7A048DBD1} = {F9842AB2-7EC8-48C8-9C3F-B5EE1300D510}
		{A7D33111-3934-4176-9947-804B2092C93E} = {36FE4C31-12B4-46C1-942E-8BB7A048DBD1}
		{7400A8F8-2EEA-4CCF-BAF5-5195B14F2EAD} = {36FE4C31-12B4-46C1-942E-8BB7A048DBD1}
		{EF7B1187-C97E-4478-9FCC-01D8028873A4} = {36FE4C31-12B4-46C1-942E-8BB7A048DBD1}
		{F8C98F50-D024-429E-80D6-5E4CBD9D7C4A} = {A395F40C-BC55-4775-A218-83E4298F512E}
	EndGlobalSection
	GlobalSection(ExtensibilityGlobals) = postSolution
		SolutionGuid = {94A93760-EA0D-40FA-AC6F-033E364FB12D}
	EndGlobalSection
EndGlobal
